{
  "lockfileVersion": 1,
  "configVersion": 1,
  "workspaces": {
    "": {
      "name": "text-raster-spike",
      "dependencies": {
        "@resvg/resvg-wasm": "2.6.2",
      },
    },
  },
  "packages": {
    "@resvg/resvg-wasm": ["@resvg/resvg-wasm@2.6.2", "", {}, "sha512-FqALmHI8D4o6lk/LRWDnhw95z5eO+eAa6ORjVg09YRR7BkcM6oPHU9uyC0gtQG5vpFLvgpeU4+zEAz2H8APHNw=="],
  }
}
